
Microsoft Visual Studio Solution File, Format Version 12.00
# Visual Studio Version 17
VisualStudioVersion = 17.9.34616.47
MinimumVisualStudioVersion = 10.0.40219.1
Project("{FAE04EC0-301F-11D3-BF4B-00C04F79EFBC}") = "lr4", "lr4\lr4.csproj", "{BC59C896-4366-4ECB-A760-546938546C96}"
EndProject
Global
	GlobalSection(SolutionConfigurationPlatforms) = preSolution
		Debug|Any CPU = Debug|Any CPU
		Release|Any CPU = Release|Any CPU
	EndGlobalSection
	GlobalSection(ProjectConfigurationPlatforms) = postSolution
		{BC59C896-4366-4ECB-A760-546938546C96}.Debug|Any CPU.ActiveCfg = Debug|Any CPU
		{BC59C896-4366-4ECB-A760-546938546C96}.Debug|Any CPU.Build.0 = Debug|Any CPU
		{BC59C896-4366-4ECB-A760-546938546C96}.Release|Any CPU.ActiveCfg = Release|Any CPU
		{BC59C896-4366-4ECB-A760-546938546C96}.Release|Any CPU.Build.0 = Release|Any CPU
	EndGlobalSection
	GlobalSection(SolutionProperties) = preSolution
		HideSolutionNode = FALSE
	EndGlobalSection
	GlobalSection(ExtensibilityGlobals) = postSolution
		SolutionGuid = {520EE739-AA1A-4EFA-A321-F5CD766C04F3}
	EndGlobalSection
EndGlobal
